// !$*UTF8*$!
{
	archiveVersion = 1;
	classes = {
	};
	objectVersion = 56;
	objects = {

/* Begin PBXBuildFile section */
		251064552C1A9B420079CFCE /* CircularGradientProfileView.swift in Sources */ = {isa = PBXBuildFile; fileRef = 251064542C1A9B420079CFCE /* CircularGradientProfileView.swift */; };
		2535B83D2C18CE7C005BBA39 /* View+Extensions.swift in Sources */ = {isa = PBXBuildFile; fileRef = 2535B83C2C18CE7C005BBA39 /* View+Extensions.swift */; };
		254CEC812C115B8900706852 /* MoviesApp.swift in Sources */ = {isa = PBXBuildFile; fileRef = 254CEC802C115B8900706852 /* MoviesApp.swift */; };
		254CEC832C115B8900706852 /* ContentView.swift in Sources */ = {isa = PBXBuildFile; fileRef = 254CEC822C115B8900706852 /* ContentView.swift */; };
		254CEC852C115B8A00706852 /* Assets.xcassets in Resources */ = {isa = PBXBuildFile; fileRef = 254CEC842C115B8A00706852 /* Assets.xcassets */; };
		254CEC882C115B8A00706852 /* Preview Assets.xcassets in Resources */ = {isa = PBXBuildFile; fileRef = 254CEC872C115B8A00706852 /* Preview Assets.xcassets */; };
		254CEC922C115B8B00706852 /* MoviesAppTests.swift in Sources */ = {isa = PBXBuildFile; fileRef = 254CEC912C115B8B00706852 /* MoviesAppTests.swift */; };
		254CEC9C2C115B8B00706852 /* MoviesAppUITests.swift in Sources */ = {isa = PBXBuildFile; fileRef = 254CEC9B2C115B8B00706852 /* MoviesAppUITests.swift */; };
		254CEC9E2C115B8B00706852 /* MoviesAppUITestsLaunchTests.swift in Sources */ = {isa = PBXBuildFile; fileRef = 254CEC9D2C115B8B00706852 /* MoviesAppUITestsLaunchTests.swift */; };
		254CECAC2C11606900706852 /* PreviewDataProvider.swift in Sources */ = {isa = PBXBuildFile; fileRef = 254CECAB2C11606900706852 /* PreviewDataProvider.swift */; };
		254CECAF2C1162DA00706852 /* MovieResponse.swift in Sources */ = {isa = PBXBuildFile; fileRef = 254CECAE2C1162DA00706852 /* MovieResponse.swift */; };
		254CECB42C11637E00706852 /* HomeScreenView.swift in Sources */ = {isa = PBXBuildFile; fileRef = 254CECB32C11637E00706852 /* HomeScreenView.swift */; };
		254CECB72C11659600706852 /* ProfileScreenView.swift in Sources */ = {isa = PBXBuildFile; fileRef = 254CECB62C11659600706852 /* ProfileScreenView.swift */; };
		254CECBA2C11664300706852 /* MainTabView.swift in Sources */ = {isa = PBXBuildFile; fileRef = 254CECB92C11664300706852 /* MainTabView.swift */; };
		254CECBC2C1166A000706852 /* MainTabBarItems.swift in Sources */ = {isa = PBXBuildFile; fileRef = 254CECBB2C1166A000706852 /* MainTabBarItems.swift */; };
		254CECC12C1175D400706852 /* Color.swift in Sources */ = {isa = PBXBuildFile; fileRef = 254CECC02C1175D400706852 /* Color.swift */; };
		254CECC32C1175E700706852 /* CustomColors.swift in Sources */ = {isa = PBXBuildFile; fileRef = 254CECC22C1175E700706852 /* CustomColors.swift */; };
		254CECC52C117D9E00706852 /* BaseScreenView.swift in Sources */ = {isa = PBXBuildFile; fileRef = 254CECC42C117D9E00706852 /* BaseScreenView.swift */; };
		254CECCA2C12BF2A00706852 /* CategoryAppBarView.swift in Sources */ = {isa = PBXBuildFile; fileRef = 254CECC92C12BF2A00706852 /* CategoryAppBarView.swift */; };
		254CECCC2C12C12500706852 /* CategoryCapsuleView.swift in Sources */ = {isa = PBXBuildFile; fileRef = 254CECCB2C12C12500706852 /* CategoryCapsuleView.swift */; };
		254CECCE2C140C5900706852 /* MovieItemView.swift in Sources */ = {isa = PBXBuildFile; fileRef = 254CECCD2C140C5900706852 /* MovieItemView.swift */; };
		254CECD02C140FAA00706852 /* HorizontalItemsContainerView.swift in Sources */ = {isa = PBXBuildFile; fileRef = 254CECCF2C140FAA00706852 /* HorizontalItemsContainerView.swift */; };
		254CECD22C14126D00706852 /* FeaturedMoviesView.swift in Sources */ = {isa = PBXBuildFile; fileRef = 254CECD12C14126D00706852 /* FeaturedMoviesView.swift */; };
		254CECD42C14138400706852 /* HomeViewModel.swift in Sources */ = {isa = PBXBuildFile; fileRef = 254CECD32C14138400706852 /* HomeViewModel.swift */; };
		254CECD62C141A0300706852 /* GridMoviesByCategoryView.swift in Sources */ = {isa = PBXBuildFile; fileRef = 254CECD52C141A0300706852 /* GridMoviesByCategoryView.swift */; };
		254CECDF2C1695EB00706852 /* ObservableScrollView.swift in Sources */ = {isa = PBXBuildFile; fileRef = 254CECDE2C1695EB00706852 /* ObservableScrollView.swift */; };
		254CECE12C16A52800706852 /* ContentOffsetKey.swift in Sources */ = {isa = PBXBuildFile; fileRef = 254CECE02C16A52800706852 /* ContentOffsetKey.swift */; };
		254CECE32C16AFA500706852 /* Constants.swift in Sources */ = {isa = PBXBuildFile; fileRef = 254CECE22C16AFA500706852 /* Constants.swift */; };
		254CECE52C17F54A00706852 /* MovieFilterFullScreenView.swift in Sources */ = {isa = PBXBuildFile; fileRef = 254CECE42C17F54A00706852 /* MovieFilterFullScreenView.swift */; };
		254CECE92C17F59000706852 /* MovieFilterViewModel.swift in Sources */ = {isa = PBXBuildFile; fileRef = 254CECE82C17F59000706852 /* MovieFilterViewModel.swift */; };
		254CECEB2C18103F00706852 /* CircleIconView.swift in Sources */ = {isa = PBXBuildFile; fileRef = 254CECEA2C18103F00706852 /* CircleIconView.swift */; };
		254CECED2C1810F100706852 /* BackgroundBlurView.swift in Sources */ = {isa = PBXBuildFile; fileRef = 254CECEC2C1810F100706852 /* BackgroundBlurView.swift */; };
		255C40002C1D605300FB6674 /* MovieDetailsScreenView.swift in Sources */ = {isa = PBXBuildFile; fileRef = 255C3FFF2C1D605300FB6674 /* MovieDetailsScreenView.swift */; };
		255C40042C1E701A00FB6674 /* Binding+Extensions.swift in Sources */ = {isa = PBXBuildFile; fileRef = 255C40032C1E701A00FB6674 /* Binding+Extensions.swift */; };
		255C400E2C1F5B1600FB6674 /* VerticalButtonWithTextView.swift in Sources */ = {isa = PBXBuildFile; fileRef = 255C400D2C1F5B1600FB6674 /* VerticalButtonWithTextView.swift */; };
		255C40112C1FBD8000FB6674 /* YouTubePlayerView.swift in Sources */ = {isa = PBXBuildFile; fileRef = 255C40102C1FBD8000FB6674 /* YouTubePlayerView.swift */; };
		255C40142C1FC2BA00FB6674 /* WebView.swift in Sources */ = {isa = PBXBuildFile; fileRef = 255C40132C1FC2BA00FB6674 /* WebView.swift */; };
		255C40172C20D73200FB6674 /* CombineMoya in Frameworks */ = {isa = PBXBuildFile; productRef = 255C40162C20D73200FB6674 /* CombineMoya */; };
		255C40192C20D73200FB6674 /* Moya in Frameworks */ = {isa = PBXBuildFile; productRef = 255C40182C20D73200FB6674 /* Moya */; };
		255C401C2C20D82100FB6674 /* MoviesAPI.swift in Sources */ = {isa = PBXBuildFile; fileRef = 255C401B2C20D82100FB6674 /* MoviesAPI.swift */; };
		255C401E2C20DA8900FB6674 /* NetworkUtils.swift in Sources */ = {isa = PBXBuildFile; fileRef = 255C401D2C20DA8900FB6674 /* NetworkUtils.swift */; };
		255C40202C20F6A500FB6674 /* NetworkManager.swift in Sources */ = {isa = PBXBuildFile; fileRef = 255C401F2C20F6A500FB6674 /* NetworkManager.swift */; };
		255C40222C20FF4B00FB6674 /* MovieDataResponse.swift in Sources */ = {isa = PBXBuildFile; fileRef = 255C40212C20FF4B00FB6674 /* MovieDataResponse.swift */; };
		255C40242C210A7700FB6674 /* String+Extensions.swift in Sources */ = {isa = PBXBuildFile; fileRef = 255C40232C210A7700FB6674 /* String+Extensions.swift */; };
		255C40272C2133C700FB6674 /* MoviesRepository.swift in Sources */ = {isa = PBXBuildFile; fileRef = 255C40262C2133C700FB6674 /* MoviesRepository.swift */; };
		255C402B2C2138B700FB6674 /* MoviesRepositoryProtocol.swift in Sources */ = {isa = PBXBuildFile; fileRef = 255C402A2C2138B700FB6674 /* MoviesRepositoryProtocol.swift */; };
		255C402E2C22610B00FB6674 /* VideoResponse.swift in Sources */ = {isa = PBXBuildFile; fileRef = 255C402D2C22610B00FB6674 /* VideoResponse.swift */; };
		255C40302C2262FF00FB6674 /* MovieDetailsViewModel.swift in Sources */ = {isa = PBXBuildFile; fileRef = 255C402F2C2262FF00FB6674 /* MovieDetailsViewModel.swift */; };
		255C40322C227E9F00FB6674 /* MovieDetailResponse.swift in Sources */ = {isa = PBXBuildFile; fileRef = 255C40312C227E9F00FB6674 /* MovieDetailResponse.swift */; };
		255C40352C22803600FB6674 /* Movie.swift in Sources */ = {isa = PBXBuildFile; fileRef = 255C40342C22803600FB6674 /* Movie.swift */; };
		255C40382C2283F700FB6674 /* Video.swift in Sources */ = {isa = PBXBuildFile; fileRef = 255C40372C2283F700FB6674 /* Video.swift */; };
		255C5F322C267AAB0024A39A /* VideoPreviewItemView.swift in Sources */ = {isa = PBXBuildFile; fileRef = 255C5F312C267AAB0024A39A /* VideoPreviewItemView.swift */; };
		256E9FC92C1BE0E40009C625 /* SearchScreenView.swift in Sources */ = {isa = PBXBuildFile; fileRef = 256E9FC82C1BE0E40009C625 /* SearchScreenView.swift */; };
		256E9FCB2C1BEF7E0009C625 /* TabBarItem.swift in Sources */ = {isa = PBXBuildFile; fileRef = 256E9FCA2C1BEF7E0009C625 /* TabBarItem.swift */; };
		256E9FCE2C1BF1940009C625 /* CustomTabItemView.swift in Sources */ = {isa = PBXBuildFile; fileRef = 256E9FCD2C1BF1940009C625 /* CustomTabItemView.swift */; };
		256E9FD02C1D3B460009C625 /* ProfileViewModel.swift in Sources */ = {isa = PBXBuildFile; fileRef = 256E9FCF2C1D3B460009C625 /* ProfileViewModel.swift */; };
		256E9FD22C1D3B850009C625 /* Profile.swift in Sources */ = {isa = PBXBuildFile; fileRef = 256E9FD12C1D3B850009C625 /* Profile.swift */; };
		256E9FD52C1D4A0B0009C625 /* CustomNavigationLink.swift in Sources */ = {isa = PBXBuildFile; fileRef = 256E9FD42C1D4A0B0009C625 /* CustomNavigationLink.swift */; };
		25EB56BA2C23C93100DA06E9 /* VideoType.swift in Sources */ = {isa = PBXBuildFile; fileRef = 25EB56B92C23C93100DA06E9 /* VideoType.swift */; };
		25EB56BC2C23D0E600DA06E9 /* DateUtils.swift in Sources */ = {isa = PBXBuildFile; fileRef = 25EB56BB2C23D0E500DA06E9 /* DateUtils.swift */; };
		25EB56BE2C23DC8E00DA06E9 /* Int+Extensions.swift in Sources */ = {isa = PBXBuildFile; fileRef = 25EB56BD2C23DC8E00DA06E9 /* Int+Extensions.swift */; };
		25EB56C02C23DE1600DA06E9 /* TextWithDotSeparatorView.swift in Sources */ = {isa = PBXBuildFile; fileRef = 25EB56BF2C23DE1600DA06E9 /* TextWithDotSeparatorView.swift */; };
		25EB56C22C23E18C00DA06E9 /* Genre.swift in Sources */ = {isa = PBXBuildFile; fileRef = 25EB56C12C23E18C00DA06E9 /* Genre.swift */; };
		25EB56C42C23E1F700DA06E9 /* GenreResponse.swift in Sources */ = {isa = PBXBuildFile; fileRef = 25EB56C32C23E1F700DA06E9 /* GenreResponse.swift */; };
		25EB56C62C251D0400DA06E9 /* VerticalLabelWithTextView.swift in Sources */ = {isa = PBXBuildFile; fileRef = 25EB56C52C251D0400DA06E9 /* VerticalLabelWithTextView.swift */; };
		25EB56C82C2528DC00DA06E9 /* MovieDetailsSegmentContentView.swift in Sources */ = {isa = PBXBuildFile; fileRef = 25EB56C72C2528DC00DA06E9 /* MovieDetailsSegmentContentView.swift */; };
		25EB56CA2C252C7900DA06E9 /* MovieDetailSegmentOptions.swift in Sources */ = {isa = PBXBuildFile; fileRef = 25EB56C92C252C7900DA06E9 /* MovieDetailSegmentOptions.swift */; };
		25EB56CC2C252DEF00DA06E9 /* MovieClipsSegmentContentView.swift in Sources */ = {isa = PBXBuildFile; fileRef = 25EB56CB2C252DEF00DA06E9 /* MovieClipsSegmentContentView.swift */; };
/* End PBXBuildFile section */

/* Begin PBXContainerItemProxy section */
		254CEC8E2C115B8A00706852 /* PBXContainerItemProxy */ = {
			isa = PBXContainerItemProxy;
			containerPortal = 254CEC752C115B8900706852 /* Project object */;
			proxyType = 1;
			remoteGlobalIDString = 254CEC7C2C115B8900706852;
			remoteInfo = MoviesApp;
		};
		254CEC982C115B8B00706852 /* PBXContainerItemProxy */ = {
			isa = PBXContainerItemProxy;
			containerPortal = 254CEC752C115B8900706852 /* Project object */;
			proxyType = 1;
			remoteGlobalIDString = 254CEC7C2C115B8900706852;
			remoteInfo = MoviesApp;
		};
/* End PBXContainerItemProxy section */

/* Begin PBXFileReference section */
		251064542C1A9B420079CFCE /* CircularGradientProfileView.swift */ = {isa = PBXFileReference; lastKnownFileType = sourcecode.swift; path = CircularGradientProfileView.swift; sourceTree = "<group>"; };
		2535B83C2C18CE7C005BBA39 /* View+Extensions.swift */ = {isa = PBXFileReference; lastKnownFileType = sourcecode.swift; path = "View+Extensions.swift"; sourceTree = "<group>"; };
		254CEC7D2C115B8900706852 /* MoviesApp.app */ = {isa = PBXFileReference; explicitFileType = wrapper.application; includeInIndex = 0; path = MoviesApp.app; sourceTree = BUILT_PRODUCTS_DIR; };
		254CEC802C115B8900706852 /* MoviesApp.swift */ = {isa = PBXFileReference; lastKnownFileType = sourcecode.swift; path = MoviesApp.swift; sourceTree = "<group>"; };
		254CEC822C115B8900706852 /* ContentView.swift */ = {isa = PBXFileReference; lastKnownFileType = sourcecode.swift; path = ContentView.swift; sourceTree = "<group>"; };
		254CEC842C115B8A00706852 /* Assets.xcassets */ = {isa = PBXFileReference; lastKnownFileType = folder.assetcatalog; path = Assets.xcassets; sourceTree = "<group>"; };
		254CEC872C115B8A00706852 /* Preview Assets.xcassets */ = {isa = PBXFileReference; lastKnownFileType = folder.assetcatalog; path = "Preview Assets.xcassets"; sourceTree = "<group>"; };
		254CEC8D2C115B8A00706852 /* MoviesAppTests.xctest */ = {isa = PBXFileReference; explicitFileType = wrapper.cfbundle; includeInIndex = 0; path = MoviesAppTests.xctest; sourceTree = BUILT_PRODUCTS_DIR; };
		254CEC912C115B8B00706852 /* MoviesAppTests.swift */ = {isa = PBXFileReference; lastKnownFileType = sourcecode.swift; path = MoviesAppTests.swift; sourceTree = "<group>"; };
		254CEC972C115B8B00706852 /* MoviesAppUITests.xctest */ = {isa = PBXFileReference; explicitFileType = wrapper.cfbundle; includeInIndex = 0; path = MoviesAppUITests.xctest; sourceTree = BUILT_PRODUCTS_DIR; };
		254CEC9B2C115B8B00706852 /* MoviesAppUITests.swift */ = {isa = PBXFileReference; lastKnownFileType = sourcecode.swift; path = MoviesAppUITests.swift; sourceTree = "<group>"; };
		254CEC9D2C115B8B00706852 /* MoviesAppUITestsLaunchTests.swift */ = {isa = PBXFileReference; lastKnownFileType = sourcecode.swift; path = MoviesAppUITestsLaunchTests.swift; sourceTree = "<group>"; };
		254CECAB2C11606900706852 /* PreviewDataProvider.swift */ = {isa = PBXFileReference; lastKnownFileType = sourcecode.swift; path = PreviewDataProvider.swift; sourceTree = "<group>"; };
		254CECAE2C1162DA00706852 /* MovieResponse.swift */ = {isa = PBXFileReference; lastKnownFileType = sourcecode.swift; path = MovieResponse.swift; sourceTree = "<group>"; };
		254CECB32C11637E00706852 /* HomeScreenView.swift */ = {isa = PBXFileReference; lastKnownFileType = sourcecode.swift; path = HomeScreenView.swift; sourceTree = "<group>"; };
		254CECB62C11659600706852 /* ProfileScreenView.swift */ = {isa = PBXFileReference; lastKnownFileType = sourcecode.swift; path = ProfileScreenView.swift; sourceTree = "<group>"; };
		254CECB92C11664300706852 /* MainTabView.swift */ = {isa = PBXFileReference; lastKnownFileType = sourcecode.swift; path = MainTabView.swift; sourceTree = "<group>"; };
		254CECBB2C1166A000706852 /* MainTabBarItems.swift */ = {isa = PBXFileReference; lastKnownFileType = sourcecode.swift; path = MainTabBarItems.swift; sourceTree = "<group>"; };
		254CECC02C1175D400706852 /* Color.swift */ = {isa = PBXFileReference; lastKnownFileType = sourcecode.swift; path = Color.swift; sourceTree = "<group>"; };
		254CECC22C1175E700706852 /* CustomColors.swift */ = {isa = PBXFileReference; lastKnownFileType = sourcecode.swift; path = CustomColors.swift; sourceTree = "<group>"; };
		254CECC42C117D9E00706852 /* BaseScreenView.swift */ = {isa = PBXFileReference; lastKnownFileType = sourcecode.swift; path = BaseScreenView.swift; sourceTree = "<group>"; };
		254CECC92C12BF2A00706852 /* CategoryAppBarView.swift */ = {isa = PBXFileReference; lastKnownFileType = sourcecode.swift; path = CategoryAppBarView.swift; sourceTree = "<group>"; };
		254CECCB2C12C12500706852 /* CategoryCapsuleView.swift */ = {isa = PBXFileReference; lastKnownFileType = sourcecode.swift; name = CategoryCapsuleView.swift; path = MoviesApp/Views/Home/CategoryCapsuleView.swift; sourceTree = SOURCE_ROOT; };
		254CECCD2C140C5900706852 /* MovieItemView.swift */ = {isa = PBXFileReference; lastKnownFileType = sourcecode.swift; path = MovieItemView.swift; sourceTree = "<group>"; };
		254CECCF2C140FAA00706852 /* HorizontalItemsContainerView.swift */ = {isa = PBXFileReference; lastKnownFileType = sourcecode.swift; path = HorizontalItemsContainerView.swift; sourceTree = "<group>"; };
		254CECD12C14126D00706852 /* FeaturedMoviesView.swift */ = {isa = PBXFileReference; lastKnownFileType = sourcecode.swift; path = FeaturedMoviesView.swift; sourceTree = "<group>"; };
		254CECD32C14138400706852 /* HomeViewModel.swift */ = {isa = PBXFileReference; lastKnownFileType = sourcecode.swift; path = HomeViewModel.swift; sourceTree = "<group>"; };
		254CECD52C141A0300706852 /* GridMoviesByCategoryView.swift */ = {isa = PBXFileReference; lastKnownFileType = sourcecode.swift; path = GridMoviesByCategoryView.swift; sourceTree = "<group>"; };
		254CECDE2C1695EB00706852 /* ObservableScrollView.swift */ = {isa = PBXFileReference; lastKnownFileType = sourcecode.swift; path = ObservableScrollView.swift; sourceTree = "<group>"; };
		254CECE02C16A52800706852 /* ContentOffsetKey.swift */ = {isa = PBXFileReference; lastKnownFileType = sourcecode.swift; path = ContentOffsetKey.swift; sourceTree = "<group>"; };
		254CECE22C16AFA500706852 /* Constants.swift */ = {isa = PBXFileReference; lastKnownFileType = sourcecode.swift; path = Constants.swift; sourceTree = "<group>"; };
		254CECE42C17F54A00706852 /* MovieFilterFullScreenView.swift */ = {isa = PBXFileReference; lastKnownFileType = sourcecode.swift; path = MovieFilterFullScreenView.swift; sourceTree = "<group>"; };
		254CECE82C17F59000706852 /* MovieFilterViewModel.swift */ = {isa = PBXFileReference; lastKnownFileType = sourcecode.swift; path = MovieFilterViewModel.swift; sourceTree = "<group>"; };
		254CECEA2C18103F00706852 /* CircleIconView.swift */ = {isa = PBXFileReference; lastKnownFileType = sourcecode.swift; path = CircleIconView.swift; sourceTree = "<group>"; };
		254CECEC2C1810F100706852 /* BackgroundBlurView.swift */ = {isa = PBXFileReference; lastKnownFileType = sourcecode.swift; path = BackgroundBlurView.swift; sourceTree = "<group>"; };
		255C3FFF2C1D605300FB6674 /* MovieDetailsScreenView.swift */ = {isa = PBXFileReference; lastKnownFileType = sourcecode.swift; path = MovieDetailsScreenView.swift; sourceTree = "<group>"; };
		255C40032C1E701A00FB6674 /* Binding+Extensions.swift */ = {isa = PBXFileReference; lastKnownFileType = sourcecode.swift; path = "Binding+Extensions.swift"; sourceTree = "<group>"; };
		255C400D2C1F5B1600FB6674 /* VerticalButtonWithTextView.swift */ = {isa = PBXFileReference; lastKnownFileType = sourcecode.swift; path = VerticalButtonWithTextView.swift; sourceTree = "<group>"; };
		255C40102C1FBD8000FB6674 /* YouTubePlayerView.swift */ = {isa = PBXFileReference; lastKnownFileType = sourcecode.swift; path = YouTubePlayerView.swift; sourceTree = "<group>"; };
		255C40132C1FC2BA00FB6674 /* WebView.swift */ = {isa = PBXFileReference; lastKnownFileType = sourcecode.swift; path = WebView.swift; sourceTree = "<group>"; };
		255C401B2C20D82100FB6674 /* MoviesAPI.swift */ = {isa = PBXFileReference; lastKnownFileType = sourcecode.swift; path = MoviesAPI.swift; sourceTree = "<group>"; };
		255C401D2C20DA8900FB6674 /* NetworkUtils.swift */ = {isa = PBXFileReference; lastKnownFileType = sourcecode.swift; path = NetworkUtils.swift; sourceTree = "<group>"; };
		255C401F2C20F6A500FB6674 /* NetworkManager.swift */ = {isa = PBXFileReference; lastKnownFileType = sourcecode.swift; path = NetworkManager.swift; sourceTree = "<group>"; };
		255C40212C20FF4B00FB6674 /* MovieDataResponse.swift */ = {isa = PBXFileReference; lastKnownFileType = sourcecode.swift; path = MovieDataResponse.swift; sourceTree = "<group>"; };
		255C40232C210A7700FB6674 /* String+Extensions.swift */ = {isa = PBXFileReference; lastKnownFileType = sourcecode.swift; path = "String+Extensions.swift"; sourceTree = "<group>"; };
		255C40262C2133C700FB6674 /* MoviesRepository.swift */ = {isa = PBXFileReference; lastKnownFileType = sourcecode.swift; path = MoviesRepository.swift; sourceTree = "<group>"; };
		255C402A2C2138B700FB6674 /* MoviesRepositoryProtocol.swift */ = {isa = PBXFileReference; lastKnownFileType = sourcecode.swift; path = MoviesRepositoryProtocol.swift; sourceTree = "<group>"; };
		255C402D2C22610B00FB6674 /* VideoResponse.swift */ = {isa = PBXFileReference; lastKnownFileType = sourcecode.swift; path = VideoResponse.swift; sourceTree = "<group>"; };
		255C402F2C2262FF00FB6674 /* MovieDetailsViewModel.swift */ = {isa = PBXFileReference; lastKnownFileType = sourcecode.swift; path = MovieDetailsViewModel.swift; sourceTree = "<group>"; };
		255C40312C227E9F00FB6674 /* MovieDetailResponse.swift */ = {isa = PBXFileReference; lastKnownFileType = sourcecode.swift; path = MovieDetailResponse.swift; sourceTree = "<group>"; };
		255C40342C22803600FB6674 /* Movie.swift */ = {isa = PBXFileReference; lastKnownFileType = sourcecode.swift; path = Movie.swift; sourceTree = "<group>"; };
		255C40372C2283F700FB6674 /* Video.swift */ = {isa = PBXFileReference; lastKnownFileType = sourcecode.swift; path = Video.swift; sourceTree = "<group>"; };
		255C5F312C267AAB0024A39A /* VideoPreviewItemView.swift */ = {isa = PBXFileReference; lastKnownFileType = sourcecode.swift; path = VideoPreviewItemView.swift; sourceTree = "<group>"; };
		256E9FC82C1BE0E40009C625 /* SearchScreenView.swift */ = {isa = PBXFileReference; lastKnownFileType = sourcecode.swift; path = SearchScreenView.swift; sourceTree = "<group>"; };
		256E9FCA2C1BEF7E0009C625 /* TabBarItem.swift */ = {isa = PBXFileReference; lastKnownFileType = sourcecode.swift; path = TabBarItem.swift; sourceTree = "<group>"; };
		256E9FCD2C1BF1940009C625 /* CustomTabItemView.swift */ = {isa = PBXFileReference; lastKnownFileType = sourcecode.swift; path = CustomTabItemView.swift; sourceTree = "<group>"; };
		256E9FCF2C1D3B460009C625 /* ProfileViewModel.swift */ = {isa = PBXFileReference; lastKnownFileType = sourcecode.swift; path = ProfileViewModel.swift; sourceTree = "<group>"; };
		256E9FD12C1D3B850009C625 /* Profile.swift */ = {isa = PBXFileReference; lastKnownFileType = sourcecode.swift; path = Profile.swift; sourceTree = "<group>"; };
		256E9FD42C1D4A0B0009C625 /* CustomNavigationLink.swift */ = {isa = PBXFileReference; lastKnownFileType = sourcecode.swift; path = CustomNavigationLink.swift; sourceTree = "<group>"; };
		25EB56B92C23C93100DA06E9 /* VideoType.swift */ = {isa = PBXFileReference; lastKnownFileType = sourcecode.swift; path = VideoType.swift; sourceTree = "<group>"; };
		25EB56BB2C23D0E500DA06E9 /* DateUtils.swift */ = {isa = PBXFileReference; lastKnownFileType = sourcecode.swift; path = DateUtils.swift; sourceTree = "<group>"; };
		25EB56BD2C23DC8E00DA06E9 /* Int+Extensions.swift */ = {isa = PBXFileReference; lastKnownFileType = sourcecode.swift; path = "Int+Extensions.swift"; sourceTree = "<group>"; };
		25EB56BF2C23DE1600DA06E9 /* TextWithDotSeparatorView.swift */ = {isa = PBXFileReference; lastKnownFileType = sourcecode.swift; path = TextWithDotSeparatorView.swift; sourceTree = "<group>"; };
		25EB56C12C23E18C00DA06E9 /* Genre.swift */ = {isa = PBXFileReference; lastKnownFileType = sourcecode.swift; path = Genre.swift; sourceTree = "<group>"; };
		25EB56C32C23E1F700DA06E9 /* GenreResponse.swift */ = {isa = PBXFileReference; lastKnownFileType = sourcecode.swift; path = GenreResponse.swift; sourceTree = "<group>"; };
		25EB56C52C251D0400DA06E9 /* VerticalLabelWithTextView.swift */ = {isa = PBXFileReference; lastKnownFileType = sourcecode.swift; path = VerticalLabelWithTextView.swift; sourceTree = "<group>"; };
		25EB56C72C2528DC00DA06E9 /* MovieDetailsSegmentContentView.swift */ = {isa = PBXFileReference; lastKnownFileType = sourcecode.swift; path = MovieDetailsSegmentContentView.swift; sourceTree = "<group>"; };
		25EB56C92C252C7900DA06E9 /* MovieDetailSegmentOptions.swift */ = {isa = PBXFileReference; lastKnownFileType = sourcecode.swift; path = MovieDetailSegmentOptions.swift; sourceTree = "<group>"; };
		25EB56CB2C252DEF00DA06E9 /* MovieClipsSegmentContentView.swift */ = {isa = PBXFileReference; lastKnownFileType = sourcecode.swift; path = MovieClipsSegmentContentView.swift; sourceTree = "<group>"; };
/* End PBXFileReference section */

/* Begin PBXFrameworksBuildPhase section */
		254CEC7A2C115B8900706852 /* Frameworks */ = {
			isa = PBXFrameworksBuildPhase;
			buildActionMask = 2147483647;
			files = (
				255C40192C20D73200FB6674 /* Moya in Frameworks */,
				255C40172C20D73200FB6674 /* CombineMoya in Frameworks */,
			);
			runOnlyForDeploymentPostprocessing = 0;
		};
		254CEC8A2C115B8A00706852 /* Frameworks */ = {
			isa = PBXFrameworksBuildPhase;
			buildActionMask = 2147483647;
			files = (
			);
			runOnlyForDeploymentPostprocessing = 0;
		};
		254CEC942C115B8B00706852 /* Frameworks */ = {
			isa = PBXFrameworksBuildPhase;
			buildActionMask = 2147483647;
			files = (
			);
			runOnlyForDeploymentPostprocessing = 0;
		};
/* End PBXFrameworksBuildPhase section */

/* Begin PBXGroup section */
		254CEC742C115B8900706852 = {
			isa = PBXGroup;
			children = (
				254CEC7F2C115B8900706852 /* MoviesApp */,
				254CEC902C115B8A00706852 /* MoviesAppTests */,
				254CEC9A2C115B8B00706852 /* MoviesAppUITests */,
				254CEC7E2C115B8900706852 /* Products */,
			);
			sourceTree = "<group>";
		};
		254CEC7E2C115B8900706852 /* Products */ = {
			isa = PBXGroup;
			children = (
				254CEC7D2C115B8900706852 /* MoviesApp.app */,
				254CEC8D2C115B8A00706852 /* MoviesAppTests.xctest */,
				254CEC972C115B8B00706852 /* MoviesAppUITests.xctest */,
			);
			name = Products;
			sourceTree = "<group>";
		};
		254CEC7F2C115B8900706852 /* MoviesApp */ = {
			isa = PBXGroup;
			children = (
				255C40072C1E820200FB6674 /* Util */,
				255C40052C1E819500FB6674 /* Core */,
				254CECB02C11634800706852 /* Views */,
				254CEC842C115B8A00706852 /* Assets.xcassets */,
				254CEC802C115B8900706852 /* MoviesApp.swift */,
				254CEC862C115B8A00706852 /* Preview Content */,
			);
			path = MoviesApp;
			sourceTree = "<group>";
		};
		254CEC862C115B8A00706852 /* Preview Content */ = {
			isa = PBXGroup;
			children = (
				254CEC872C115B8A00706852 /* Preview Assets.xcassets */,
			);
			path = "Preview Content";
			sourceTree = "<group>";
		};
		254CEC902C115B8A00706852 /* MoviesAppTests */ = {
			isa = PBXGroup;
			children = (
				254CEC912C115B8B00706852 /* MoviesAppTests.swift */,
			);
			path = MoviesAppTests;
			sourceTree = "<group>";
		};
		254CEC9A2C115B8B00706852 /* MoviesAppUITests */ = {
			isa = PBXGroup;
			children = (
				254CEC9B2C115B8B00706852 /* MoviesAppUITests.swift */,
				254CEC9D2C115B8B00706852 /* MoviesAppUITestsLaunchTests.swift */,
			);
			path = MoviesAppUITests;
			sourceTree = "<group>";
		};
		254CECAD2C1162CF00706852 /* Model */ = {
			isa = PBXGroup;
			children = (
				255C40362C22803D00FB6674 /* Response */,
				255C40332C22801B00FB6674 /* Domain */,
				256E9FD12C1D3B850009C625 /* Profile.swift */,
			);
			path = Model;
			sourceTree = "<group>";
		};
		254CECB02C11634800706852 /* Views */ = {
			isa = PBXGroup;
			children = (
				255C400F2C1FBD6000FB6674 /* Player */,
				254CECC62C11844600706852 /* Components */,
				256E9FC72C1BE0D10009C625 /* Search */,
				254CECDD2C1695DE00706852 /* Util */,
				254CECB82C11661C00706852 /* Main */,
				254CECB52C1164C400706852 /* Profile */,
				254CECB12C11635E00706852 /* Home */,
			);
			path = Views;
			sourceTree = "<group>";
		};
		254CECB12C11635E00706852 /* Home */ = {
			isa = PBXGroup;
			children = (
				254CECE62C17F55500706852 /* MovieFilter */,
				254CECB22C11636900706852 /* MovieDetail */,
				254CECB32C11637E00706852 /* HomeScreenView.swift */,
				254CECD12C14126D00706852 /* FeaturedMoviesView.swift */,
				254CECD32C14138400706852 /* HomeViewModel.swift */,
				254CECD52C141A0300706852 /* GridMoviesByCategoryView.swift */,
			);
			path = Home;
			sourceTree = "<group>";
		};
		254CECB22C11636900706852 /* MovieDetail */ = {
			isa = PBXGroup;
			children = (
				255C3FFF2C1D605300FB6674 /* MovieDetailsScreenView.swift */,
				255C402F2C2262FF00FB6674 /* MovieDetailsViewModel.swift */,
				25EB56C72C2528DC00DA06E9 /* MovieDetailsSegmentContentView.swift */,
				25EB56CB2C252DEF00DA06E9 /* MovieClipsSegmentContentView.swift */,
			);
			path = MovieDetail;
			sourceTree = "<group>";
		};
		254CECB52C1164C400706852 /* Profile */ = {
			isa = PBXGroup;
			children = (
				254CECB62C11659600706852 /* ProfileScreenView.swift */,
				256E9FCF2C1D3B460009C625 /* ProfileViewModel.swift */,
			);
			path = Profile;
			sourceTree = "<group>";
		};
		254CECB82C11661C00706852 /* Main */ = {
			isa = PBXGroup;
			children = (
				256E9FCC2C1BF1850009C625 /* TabBar */,
				254CEC822C115B8900706852 /* ContentView.swift */,
				254CECB92C11664300706852 /* MainTabView.swift */,
				254CECBB2C1166A000706852 /* MainTabBarItems.swift */,
				254CECC42C117D9E00706852 /* BaseScreenView.swift */,
				256E9FCA2C1BEF7E0009C625 /* TabBarItem.swift */,
				256E9FCD2C1BF1940009C625 /* CustomTabItemView.swift */,
			);
			path = Main;
			sourceTree = "<group>";
		};
		254CECBF2C11758E00706852 /* Theme */ = {
			isa = PBXGroup;
			children = (
				254CECC02C1175D400706852 /* Color.swift */,
				254CECC22C1175E700706852 /* CustomColors.swift */,
			);
			path = Theme;
			sourceTree = "<group>";
		};
		254CECC62C11844600706852 /* Components */ = {
			isa = PBXGroup;
			children = (
				254CECC92C12BF2A00706852 /* CategoryAppBarView.swift */,
				254CECCB2C12C12500706852 /* CategoryCapsuleView.swift */,
				254CECCD2C140C5900706852 /* MovieItemView.swift */,
				254CECCF2C140FAA00706852 /* HorizontalItemsContainerView.swift */,
				254CECEA2C18103F00706852 /* CircleIconView.swift */,
				254CECEC2C1810F100706852 /* BackgroundBlurView.swift */,
				251064542C1A9B420079CFCE /* CircularGradientProfileView.swift */,
				255C400D2C1F5B1600FB6674 /* VerticalButtonWithTextView.swift */,
				25EB56BF2C23DE1600DA06E9 /* TextWithDotSeparatorView.swift */,
				25EB56C52C251D0400DA06E9 /* VerticalLabelWithTextView.swift */,
				255C5F312C267AAB0024A39A /* VideoPreviewItemView.swift */,
			);
			path = Components;
			sourceTree = "<group>";
		};
		254CECDD2C1695DE00706852 /* Util */ = {
			isa = PBXGroup;
			children = (
				254CECDE2C1695EB00706852 /* ObservableScrollView.swift */,
				254CECE02C16A52800706852 /* ContentOffsetKey.swift */,
				254CECE22C16AFA500706852 /* Constants.swift */,
				255C40132C1FC2BA00FB6674 /* WebView.swift */,
			);
			path = Util;
			sourceTree = "<group>";
		};
		254CECE62C17F55500706852 /* MovieFilter */ = {
			isa = PBXGroup;
			children = (
				254CECE42C17F54A00706852 /* MovieFilterFullScreenView.swift */,
				254CECE82C17F59000706852 /* MovieFilterViewModel.swift */,
			);
			path = MovieFilter;
			sourceTree = "<group>";
		};
		255C40052C1E819500FB6674 /* Core */ = {
			isa = PBXGroup;
			children = (
				255C40252C2133B800FB6674 /* Repository */,
				255C401A2C20D80800FB6674 /* Networking */,
				256E9FD32C1D49F60009C625 /* Navigation */,
				254CECBF2C11758E00706852 /* Theme */,
				254CECAD2C1162CF00706852 /* Model */,
				255C40062C1E81C200FB6674 /* Extensions */,
			);
			path = Core;
			sourceTree = "<group>";
		};
		255C40062C1E81C200FB6674 /* Extensions */ = {
			isa = PBXGroup;
			children = (
				2535B83C2C18CE7C005BBA39 /* View+Extensions.swift */,
				255C40032C1E701A00FB6674 /* Binding+Extensions.swift */,
				255C40232C210A7700FB6674 /* String+Extensions.swift */,
				25EB56BD2C23DC8E00DA06E9 /* Int+Extensions.swift */,
			);
			path = Extensions;
			sourceTree = "<group>";
		};
		255C40072C1E820200FB6674 /* Util */ = {
			isa = PBXGroup;
			children = (
				254CECAB2C11606900706852 /* PreviewDataProvider.swift */,
				25EB56B92C23C93100DA06E9 /* VideoType.swift */,
				25EB56BB2C23D0E500DA06E9 /* DateUtils.swift */,
				25EB56C92C252C7900DA06E9 /* MovieDetailSegmentOptions.swift */,
			);
			path = Util;
			sourceTree = "<group>";
		};
		255C400F2C1FBD6000FB6674 /* Player */ = {
			isa = PBXGroup;
			children = (
				255C40102C1FBD8000FB6674 /* YouTubePlayerView.swift */,
			);
			path = Player;
			sourceTree = "<group>";
		};
		255C401A2C20D80800FB6674 /* Networking */ = {
			isa = PBXGroup;
			children = (
				255C402C2C213AA100FB6674 /* APIs */,
				255C401D2C20DA8900FB6674 /* NetworkUtils.swift */,
				255C401F2C20F6A500FB6674 /* NetworkManager.swift */,
			);
			path = Networking;
			sourceTree = "<group>";
		};
		255C40252C2133B800FB6674 /* Repository */ = {
			isa = PBXGroup;
			children = (
				255C40292C2138A300FB6674 /* Implementation */,
				255C40282C21389600FB6674 /* Protocols */,
			);
			path = Repository;
			sourceTree = "<group>";
		};
		255C40282C21389600FB6674 /* Protocols */ = {
			isa = PBXGroup;
			children = (
				255C402A2C2138B700FB6674 /* MoviesRepositoryProtocol.swift */,
			);
			path = Protocols;
			sourceTree = "<group>";
		};
		255C40292C2138A300FB6674 /* Implementation */ = {
			isa = PBXGroup;
			children = (
				255C40262C2133C700FB6674 /* MoviesRepository.swift */,
			);
			path = Implementation;
			sourceTree = "<group>";
		};
		255C402C2C213AA100FB6674 /* APIs */ = {
			isa = PBXGroup;
			children = (
				255C401B2C20D82100FB6674 /* MoviesAPI.swift */,
			);
			path = APIs;
			sourceTree = "<group>";
		};
		255C40332C22801B00FB6674 /* Domain */ = {
			isa = PBXGroup;
			children = (
				255C40342C22803600FB6674 /* Movie.swift */,
				255C40372C2283F700FB6674 /* Video.swift */,
				25EB56C12C23E18C00DA06E9 /* Genre.swift */,
			);
			path = Domain;
			sourceTree = "<group>";
		};
		255C40362C22803D00FB6674 /* Response */ = {
			isa = PBXGroup;
			children = (
				255C40312C227E9F00FB6674 /* MovieDetailResponse.swift */,
				255C402D2C22610B00FB6674 /* VideoResponse.swift */,
				255C40212C20FF4B00FB6674 /* MovieDataResponse.swift */,
				254CECAE2C1162DA00706852 /* MovieResponse.swift */,
				25EB56C32C23E1F700DA06E9 /* GenreResponse.swift */,
			);
			path = Response;
			sourceTree = "<group>";
		};
		256E9FC72C1BE0D10009C625 /* Search */ = {
			isa = PBXGroup;
			children = (
				256E9FC82C1BE0E40009C625 /* SearchScreenView.swift */,
			);
			path = Search;
			sourceTree = "<group>";
		};
		256E9FCC2C1BF1850009C625 /* TabBar */ = {
			isa = PBXGroup;
			children = (
			);
			path = TabBar;
			sourceTree = "<group>";
		};
		256E9FD32C1D49F60009C625 /* Navigation */ = {
			isa = PBXGroup;
			children = (
				256E9FD42C1D4A0B0009C625 /* CustomNavigationLink.swift */,
			);
			path = Navigation;
			sourceTree = "<group>";
		};
/* End PBXGroup section */

/* Begin PBXNativeTarget section */
		254CEC7C2C115B8900706852 /* MoviesApp */ = {
			isa = PBXNativeTarget;
			buildConfigurationList = 254CECA12C115B8B00706852 /* Build configuration list for PBXNativeTarget "MoviesApp" */;
			buildPhases = (
				254CEC792C115B8900706852 /* Sources */,
				254CEC7A2C115B8900706852 /* Frameworks */,
				254CEC7B2C115B8900706852 /* Resources */,
			);
			buildRules = (
			);
			dependencies = (
			);
			name = MoviesApp;
			packageProductDependencies = (
				255C40162C20D73200FB6674 /* CombineMoya */,
				255C40182C20D73200FB6674 /* Moya */,
			);
			productName = MoviesApp;
			productReference = 254CEC7D2C115B8900706852 /* MoviesApp.app */;
			productType = "com.apple.product-type.application";
		};
		254CEC8C2C115B8A00706852 /* MoviesAppTests */ = {
			isa = PBXNativeTarget;
			buildConfigurationList = 254CECA42C115B8B00706852 /* Build configuration list for PBXNativeTarget "MoviesAppTests" */;
			buildPhases = (
				254CEC892C115B8A00706852 /* Sources */,
				254CEC8A2C115B8A00706852 /* Frameworks */,
				254CEC8B2C115B8A00706852 /* Resources */,
			);
			buildRules = (
			);
			dependencies = (
				254CEC8F2C115B8A00706852 /* PBXTargetDependency */,
			);
			name = MoviesAppTests;
			productName = MoviesAppTests;
			productReference = 254CEC8D2C115B8A00706852 /* MoviesAppTests.xctest */;
			productType = "com.apple.product-type.bundle.unit-test";
		};
		254CEC962C115B8B00706852 /* MoviesAppUITests */ = {
			isa = PBXNativeTarget;
			buildConfigurationList = 254CECA72C115B8B00706852 /* Build configuration list for PBXNativeTarget "MoviesAppUITests" */;
			buildPhases = (
				254CEC932C115B8B00706852 /* Sources */,
				254CEC942C115B8B00706852 /* Frameworks */,
				254CEC952C115B8B00706852 /* Resources */,
			);
			buildRules = (
			);
			dependencies = (
				254CEC992C115B8B00706852 /* PBXTargetDependency */,
			);
			name = MoviesAppUITests;
			productName = MoviesAppUITests;
			productReference = 254CEC972C115B8B00706852 /* MoviesAppUITests.xctest */;
			productType = "com.apple.product-type.bundle.ui-testing";
		};
/* End PBXNativeTarget section */

/* Begin PBXProject section */
		254CEC752C115B8900706852 /* Project object */ = {
			isa = PBXProject;
			attributes = {
				BuildIndependentTargetsInParallel = 1;
				LastSwiftUpdateCheck = 1500;
				LastUpgradeCheck = 1500;
				TargetAttributes = {
					254CEC7C2C115B8900706852 = {
						CreatedOnToolsVersion = 15.0.1;
					};
					254CEC8C2C115B8A00706852 = {
						CreatedOnToolsVersion = 15.0.1;
						TestTargetID = 254CEC7C2C115B8900706852;
					};
					254CEC962C115B8B00706852 = {
						CreatedOnToolsVersion = 15.0.1;
						TestTargetID = 254CEC7C2C115B8900706852;
					};
				};
			};
			buildConfigurationList = 254CEC782C115B8900706852 /* Build configuration list for PBXProject "MoviesApp" */;
			compatibilityVersion = "Xcode 14.0";
			developmentRegion = en;
			hasScannedForEncodings = 0;
			knownRegions = (
				en,
				Base,
			);
			mainGroup = 254CEC742C115B8900706852;
			packageReferences = (
				255C40152C20D73200FB6674 /* XCRemoteSwiftPackageReference "Moya" */,
			);
			productRefGroup = 254CEC7E2C115B8900706852 /* Products */;
			projectDirPath = "";
			projectRoot = "";
			targets = (
				254CEC7C2C115B8900706852 /* MoviesApp */,
				254CEC8C2C115B8A00706852 /* MoviesAppTests */,
				254CEC962C115B8B00706852 /* MoviesAppUITests */,
			);
		};
/* End PBXProject section */

/* Begin PBXResourcesBuildPhase section */
		254CEC7B2C115B8900706852 /* Resources */ = {
			isa = PBXResourcesBuildPhase;
			buildActionMask = 2147483647;
			files = (
				254CEC882C115B8A00706852 /* Preview Assets.xcassets in Resources */,
				254CEC852C115B8A00706852 /* Assets.xcassets in Resources */,
			);
			runOnlyForDeploymentPostprocessing = 0;
		};
		254CEC8B2C115B8A00706852 /* Resources */ = {
			isa = PBXResourcesBuildPhase;
			buildActionMask = 2147483647;
			files = (
			);
			runOnlyForDeploymentPostprocessing = 0;
		};
		254CEC952C115B8B00706852 /* Resources */ = {
			isa = PBXResourcesBuildPhase;
			buildActionMask = 2147483647;
			files = (
			);
			runOnlyForDeploymentPostprocessing = 0;
		};
/* End PBXResourcesBuildPhase section */

/* Begin PBXSourcesBuildPhase section */
		254CEC792C115B8900706852 /* Sources */ = {
			isa = PBXSourcesBuildPhase;
			buildActionMask = 2147483647;
			files = (
				254CECE12C16A52800706852 /* ContentOffsetKey.swift in Sources */,
				254CECD42C14138400706852 /* HomeViewModel.swift in Sources */,
				254CECD02C140FAA00706852 /* HorizontalItemsContainerView.swift in Sources */,
				254CECD22C14126D00706852 /* FeaturedMoviesView.swift in Sources */,
				25EB56BE2C23DC8E00DA06E9 /* Int+Extensions.swift in Sources */,
				254CEC832C115B8900706852 /* ContentView.swift in Sources */,
				256E9FD52C1D4A0B0009C625 /* CustomNavigationLink.swift in Sources */,
				254CECEB2C18103F00706852 /* CircleIconView.swift in Sources */,
				254CECCC2C12C12500706852 /* CategoryCapsuleView.swift in Sources */,
				254CECAC2C11606900706852 /* PreviewDataProvider.swift in Sources */,
				254CECB42C11637E00706852 /* HomeScreenView.swift in Sources */,
				255C40002C1D605300FB6674 /* MovieDetailsScreenView.swift in Sources */,
				255C40112C1FBD8000FB6674 /* YouTubePlayerView.swift in Sources */,
				254CECDF2C1695EB00706852 /* ObservableScrollView.swift in Sources */,
				25EB56BA2C23C93100DA06E9 /* VideoType.swift in Sources */,
				255C40142C1FC2BA00FB6674 /* WebView.swift in Sources */,
				254CECC52C117D9E00706852 /* BaseScreenView.swift in Sources */,
				254CECE52C17F54A00706852 /* MovieFilterFullScreenView.swift in Sources */,
				256E9FD02C1D3B460009C625 /* ProfileViewModel.swift in Sources */,
				255C40242C210A7700FB6674 /* String+Extensions.swift in Sources */,
				255C40202C20F6A500FB6674 /* NetworkManager.swift in Sources */,
				254CECAF2C1162DA00706852 /* MovieResponse.swift in Sources */,
				25EB56C62C251D0400DA06E9 /* VerticalLabelWithTextView.swift in Sources */,
				25EB56C42C23E1F700DA06E9 /* GenreResponse.swift in Sources */,
				25EB56CA2C252C7900DA06E9 /* MovieDetailSegmentOptions.swift in Sources */,
				254CECE32C16AFA500706852 /* Constants.swift in Sources */,
				256E9FCE2C1BF1940009C625 /* CustomTabItemView.swift in Sources */,
				25EB56C02C23DE1600DA06E9 /* TextWithDotSeparatorView.swift in Sources */,
				255C40222C20FF4B00FB6674 /* MovieDataResponse.swift in Sources */,
				25EB56C22C23E18C00DA06E9 /* Genre.swift in Sources */,
				254CECED2C1810F100706852 /* BackgroundBlurView.swift in Sources */,
				254CECE92C17F59000706852 /* MovieFilterViewModel.swift in Sources */,
				254CECBA2C11664300706852 /* MainTabView.swift in Sources */,
				255C402B2C2138B700FB6674 /* MoviesRepositoryProtocol.swift in Sources */,
				254CECB72C11659600706852 /* ProfileScreenView.swift in Sources */,
				25EB56BC2C23D0E600DA06E9 /* DateUtils.swift in Sources */,
				254CECCE2C140C5900706852 /* MovieItemView.swift in Sources */,
				254CECCA2C12BF2A00706852 /* CategoryAppBarView.swift in Sources */,
				255C40042C1E701A00FB6674 /* Binding+Extensions.swift in Sources */,
				251064552C1A9B420079CFCE /* CircularGradientProfileView.swift in Sources */,
				254CECBC2C1166A000706852 /* MainTabBarItems.swift in Sources */,
				254CECD62C141A0300706852 /* GridMoviesByCategoryView.swift in Sources */,
				255C40302C2262FF00FB6674 /* MovieDetailsViewModel.swift in Sources */,
				255C40352C22803600FB6674 /* Movie.swift in Sources */,
				255C400E2C1F5B1600FB6674 /* VerticalButtonWithTextView.swift in Sources */,
				255C402E2C22610B00FB6674 /* VideoResponse.swift in Sources */,
				255C5F322C267AAB0024A39A /* VideoPreviewItemView.swift in Sources */,
				256E9FD22C1D3B850009C625 /* Profile.swift in Sources */,
				255C40322C227E9F00FB6674 /* MovieDetailResponse.swift in Sources */,
				255C401E2C20DA8900FB6674 /* NetworkUtils.swift in Sources */,
				255C40272C2133C700FB6674 /* MoviesRepository.swift in Sources */,
				256E9FCB2C1BEF7E0009C625 /* TabBarItem.swift in Sources */,
				2535B83D2C18CE7C005BBA39 /* View+Extensions.swift in Sources */,
				255C401C2C20D82100FB6674 /* MoviesAPI.swift in Sources */,
				254CEC812C115B8900706852 /* MoviesApp.swift in Sources */,
				254CECC32C1175E700706852 /* CustomColors.swift in Sources */,
				25EB56C82C2528DC00DA06E9 /* MovieDetailsSegmentContentView.swift in Sources */,
				256E9FC92C1BE0E40009C625 /* SearchScreenView.swift in Sources */,
				25EB56CC2C252DEF00DA06E9 /* MovieClipsSegmentContentView.swift in Sources */,
				254CECC12C1175D400706852 /* Color.swift in Sources */,
				255C40382C2283F700FB6674 /* Video.swift in Sources */,
			);
			runOnlyForDeploymentPostprocessing = 0;
		};
		254CEC892C115B8A00706852 /* Sources */ = {
			isa = PBXSourcesBuildPhase;
			buildActionMask = 2147483647;
			files = (
				254CEC922C115B8B00706852 /* MoviesAppTests.swift in Sources */,
			);
			runOnlyForDeploymentPostprocessing = 0;
		};
		254CEC932C115B8B00706852 /* Sources */ = {
			isa = PBXSourcesBuildPhase;
			buildActionMask = 2147483647;
			files = (
				254CEC9C2C115B8B00706852 /* MoviesAppUITests.swift in Sources */,
				254CEC9E2C115B8B00706852 /* MoviesAppUITestsLaunchTests.swift in Sources */,
			);
			runOnlyForDeploymentPostprocessing = 0;
		};
/* End PBXSourcesBuildPhase section */

/* Begin PBXTargetDependency section */
		254CEC8F2C115B8A00706852 /* PBXTargetDependency */ = {
			isa = PBXTargetDependency;
			target = 254CEC7C2C115B8900706852 /* MoviesApp */;
			targetProxy = 254CEC8E2C115B8A00706852 /* PBXContainerItemProxy */;
		};
		254CEC992C115B8B00706852 /* PBXTargetDependency */ = {
			isa = PBXTargetDependency;
			target = 254CEC7C2C115B8900706852 /* MoviesApp */;
			targetProxy = 254CEC982C115B8B00706852 /* PBXContainerItemProxy */;
		};
/* End PBXTargetDependency section */

/* Begin XCBuildConfiguration section */
		254CEC9F2C115B8B00706852 /* Debug */ = {
			isa = XCBuildConfiguration;
			buildSettings = {
				ALWAYS_SEARCH_USER_PATHS = NO;
				ASSETCATALOG_COMPILER_GENERATE_SWIFT_ASSET_SYMBOL_EXTENSIONS = YES;
				CLANG_ANALYZER_NONNULL = YES;
				CLANG_ANALYZER_NUMBER_OBJECT_CONVERSION = YES_AGGRESSIVE;
				CLANG_CXX_LANGUAGE_STANDARD = "gnu++20";
				CLANG_ENABLE_MODULES = YES;
				CLANG_ENABLE_OBJC_ARC = YES;
				CLANG_ENABLE_OBJC_WEAK = YES;
				CLANG_WARN_BLOCK_CAPTURE_AUTORELEASING = YES;
				CLANG_WARN_BOOL_CONVERSION = YES;
				CLANG_WARN_COMMA = YES;
				CLANG_WARN_CONSTANT_CONVERSION = YES;
				CLANG_WARN_DEPRECATED_OBJC_IMPLEMENTATIONS = YES;
				CLANG_WARN_DIRECT_OBJC_ISA_USAGE = YES_ERROR;
				CLANG_WARN_DOCUMENTATION_COMMENTS = YES;
				CLANG_WARN_EMPTY_BODY = YES;
				CLANG_WARN_ENUM_CONVERSION = YES;
				CLANG_WARN_INFINITE_RECURSION = YES;
				CLANG_WARN_INT_CONVERSION = YES;
				CLANG_WARN_NON_LITERAL_NULL_CONVERSION = YES;
				CLANG_WARN_OBJC_IMPLICIT_RETAIN_SELF = YES;
				CLANG_WARN_OBJC_LITERAL_CONVERSION = YES;
				CLANG_WARN_OBJC_ROOT_CLASS = YES_ERROR;
				CLANG_WARN_QUOTED_INCLUDE_IN_FRAMEWORK_HEADER = YES;
				CLANG_WARN_RANGE_LOOP_ANALYSIS = YES;
				CLANG_WARN_STRICT_PROTOTYPES = YES;
				CLANG_WARN_SUSPICIOUS_MOVE = YES;
				CLANG_WARN_UNGUARDED_AVAILABILITY = YES_AGGRESSIVE;
				CLANG_WARN_UNREACHABLE_CODE = YES;
				CLANG_WARN__DUPLICATE_METHOD_MATCH = YES;
				COPY_PHASE_STRIP = NO;
				DEBUG_INFORMATION_FORMAT = dwarf;
				ENABLE_STRICT_OBJC_MSGSEND = YES;
				ENABLE_TESTABILITY = YES;
				ENABLE_USER_SCRIPT_SANDBOXING = YES;
				GCC_C_LANGUAGE_STANDARD = gnu17;
				GCC_DYNAMIC_NO_PIC = NO;
				GCC_NO_COMMON_BLOCKS = YES;
				GCC_OPTIMIZATION_LEVEL = 0;
				GCC_PREPROCESSOR_DEFINITIONS = (
					"DEBUG=1",
					"$(inherited)",
				);
				GCC_WARN_64_TO_32_BIT_CONVERSION = YES;
				GCC_WARN_ABOUT_RETURN_TYPE = YES_ERROR;
				GCC_WARN_UNDECLARED_SELECTOR = YES;
				GCC_WARN_UNINITIALIZED_AUTOS = YES_AGGRESSIVE;
				GCC_WARN_UNUSED_FUNCTION = YES;
				GCC_WARN_UNUSED_VARIABLE = YES;
				IPHONEOS_DEPLOYMENT_TARGET = 17.0;
				LOCALIZATION_PREFERS_STRING_CATALOGS = YES;
				MTL_ENABLE_DEBUG_INFO = INCLUDE_SOURCE;
				MTL_FAST_MATH = YES;
				ONLY_ACTIVE_ARCH = YES;
				SDKROOT = iphoneos;
				SWIFT_ACTIVE_COMPILATION_CONDITIONS = "DEBUG $(inherited)";
				SWIFT_OPTIMIZATION_LEVEL = "-Onone";
			};
			name = Debug;
		};
		254CECA02C115B8B00706852 /* Release */ = {
			isa = XCBuildConfiguration;
			buildSettings = {
				ALWAYS_SEARCH_USER_PATHS = NO;
				ASSETCATALOG_COMPILER_GENERATE_SWIFT_ASSET_SYMBOL_EXTENSIONS = YES;
				CLANG_ANALYZER_NONNULL = YES;
				CLANG_ANALYZER_NUMBER_OBJECT_CONVERSION = YES_AGGRESSIVE;
				CLANG_CXX_LANGUAGE_STANDARD = "gnu++20";
				CLANG_ENABLE_MODULES = YES;
				CLANG_ENABLE_OBJC_ARC = YES;
				CLANG_ENABLE_OBJC_WEAK = YES;
				CLANG_WARN_BLOCK_CAPTURE_AUTORELEASING = YES;
				CLANG_WARN_BOOL_CONVERSION = YES;
				CLANG_WARN_COMMA = YES;
				CLANG_WARN_CONSTANT_CONVERSION = YES;
				CLANG_WARN_DEPRECATED_OBJC_IMPLEMENTATIONS = YES;
				CLANG_WARN_DIRECT_OBJC_ISA_USAGE = YES_ERROR;
				CLANG_WARN_DOCUMENTATION_COMMENTS = YES;
				CLANG_WARN_EMPTY_BODY = YES;
				CLANG_WARN_ENUM_CONVERSION = YES;
				CLANG_WARN_INFINITE_RECURSION = YES;
				CLANG_WARN_INT_CONVERSION = YES;
				CLANG_WARN_NON_LITERAL_NULL_CONVERSION = YES;
				CLANG_WARN_OBJC_IMPLICIT_RETAIN_SELF = YES;
				CLANG_WARN_OBJC_LITERAL_CONVERSION = YES;
				CLANG_WARN_OBJC_ROOT_CLASS = YES_ERROR;
				CLANG_WARN_QUOTED_INCLUDE_IN_FRAMEWORK_HEADER = YES;
				CLANG_WARN_RANGE_LOOP_ANALYSIS = YES;
				CLANG_WARN_STRICT_PROTOTYPES = YES;
				CLANG_WARN_SUSPICIOUS_MOVE = YES;
				CLANG_WARN_UNGUARDED_AVAILABILITY = YES_AGGRESSIVE;
				CLANG_WARN_UNREACHABLE_CODE = YES;
				CLANG_WARN__DUPLICATE_METHOD_MATCH = YES;
				COPY_PHASE_STRIP = NO;
				DEBUG_INFORMATION_FORMAT = "dwarf-with-dsym";
				ENABLE_NS_ASSERTIONS = NO;
				ENABLE_STRICT_OBJC_MSGSEND = YES;
				ENABLE_USER_SCRIPT_SANDBOXING = YES;
				GCC_C_LANGUAGE_STANDARD = gnu17;
				GCC_NO_COMMON_BLOCKS = YES;
				GCC_WARN_64_TO_32_BIT_CONVERSION = YES;
				GCC_WARN_ABOUT_RETURN_TYPE = YES_ERROR;
				GCC_WARN_UNDECLARED_SELECTOR = YES;
				GCC_WARN_UNINITIALIZED_AUTOS = YES_AGGRESSIVE;
				GCC_WARN_UNUSED_FUNCTION = YES;
				GCC_WARN_UNUSED_VARIABLE = YES;
				IPHONEOS_DEPLOYMENT_TARGET = 17.0;
				LOCALIZATION_PREFERS_STRING_CATALOGS = YES;
				MTL_ENABLE_DEBUG_INFO = NO;
				MTL_FAST_MATH = YES;
				SDKROOT = iphoneos;
				SWIFT_COMPILATION_MODE = wholemodule;
				VALIDATE_PRODUCT = YES;
			};
			name = Release;
		};
		254CECA22C115B8B00706852 /* Debug */ = {
			isa = XCBuildConfiguration;
			buildSettings = {
				ASSETCATALOG_COMPILER_APPICON_NAME = AppIcon;
				ASSETCATALOG_COMPILER_GLOBAL_ACCENT_COLOR_NAME = AccentColor;
				CODE_SIGN_STYLE = Automatic;
				CURRENT_PROJECT_VERSION = 1;
				DEVELOPMENT_ASSET_PATHS = "\"MoviesApp/Preview Content\"";
				DEVELOPMENT_TEAM = UAF3986DZL;
				ENABLE_PREVIEWS = YES;
				GENERATE_INFOPLIST_FILE = YES;
				INFOPLIST_KEY_LSApplicationCategoryType = "public.app-category.entertainment";
				INFOPLIST_KEY_UIApplicationSceneManifest_Generation = YES;
				INFOPLIST_KEY_UIApplicationSupportsIndirectInputEvents = YES;
				INFOPLIST_KEY_UILaunchScreen_Generation = YES;
				INFOPLIST_KEY_UISupportedInterfaceOrientations_iPad = "UIInterfaceOrientationPortrait UIInterfaceOrientationPortraitUpsideDown UIInterfaceOrientationLandscapeLeft UIInterfaceOrientationLandscapeRight";
				INFOPLIST_KEY_UISupportedInterfaceOrientations_iPhone = "UIInterfaceOrientationPortrait UIInterfaceOrientationLandscapeLeft UIInterfaceOrientationLandscapeRight";
				IPHONEOS_DEPLOYMENT_TARGET = 16.0;
				LD_RUNPATH_SEARCH_PATHS = (
					"$(inherited)",
					"@executable_path/Frameworks",
				);
				MARKETING_VERSION = 1.0;
				PRODUCT_BUNDLE_IDENTIFIER = com.escalondev.MoviesApp;
				PRODUCT_NAME = "$(TARGET_NAME)";
				SUPPORTED_PLATFORMS = "iphoneos iphonesimulator";
				SUPPORTS_MACCATALYST = NO;
				SUPPORTS_MAC_DESIGNED_FOR_IPHONE_IPAD = NO;
				SWIFT_EMIT_LOC_STRINGS = YES;
				SWIFT_VERSION = 5.0;
				TARGETED_DEVICE_FAMILY = "1,2";
			};
			name = Debug;
		};
		254CECA32C115B8B00706852 /* Release */ = {
			isa = XCBuildConfiguration;
			buildSettings = {
				ASSETCATALOG_COMPILER_APPICON_NAME = AppIcon;
				ASSETCATALOG_COMPILER_GLOBAL_ACCENT_COLOR_NAME = AccentColor;
				CODE_SIGN_STYLE = Automatic;
				CURRENT_PROJECT_VERSION = 1;
				DEVELOPMENT_ASSET_PATHS = "\"MoviesApp/Preview Content\"";
				DEVELOPMENT_TEAM = UAF3986DZL;
				ENABLE_PREVIEWS = YES;
				GENERATE_INFOPLIST_FILE = YES;
				INFOPLIST_KEY_LSApplicationCategoryType = "public.app-category.entertainment";
				INFOPLIST_KEY_UIApplicationSceneManifest_Generation = YES;
				INFOPLIST_KEY_UIApplicationSupportsIndirectInputEvents = YES;
				INFOPLIST_KEY_UILaunchScreen_Generation = YES;
				INFOPLIST_KEY_UISupportedInterfaceOrientations_iPad = "UIInterfaceOrientationPortrait UIInterfaceOrientationPortraitUpsideDown UIInterfaceOrientationLandscapeLeft UIInterfaceOrientationLandscapeRight";
				INFOPLIST_KEY_UISupportedInterfaceOrientations_iPhone = "UIInterfaceOrientationPortrait UIInterfaceOrientationLandscapeLeft UIInterfaceOrientationLandscapeRight";
				IPHONEOS_DEPLOYMENT_TARGET = 16.0;
				LD_RUNPATH_SEARCH_PATHS = (
					"$(inherited)",
					"@executable_path/Frameworks",
				);
				MARKETING_VERSION = 1.0;
				PRODUCT_BUNDLE_IDENTIFIER = com.escalondev.MoviesApp;
				PRODUCT_NAME = "$(TARGET_NAME)";
				SUPPORTED_PLATFORMS = "iphoneos iphonesimulator";
				SUPPORTS_MACCATALYST = NO;
				SUPPORTS_MAC_DESIGNED_FOR_IPHONE_IPAD = NO;
				SWIFT_EMIT_LOC_STRINGS = YES;
				SWIFT_VERSION = 5.0;
				TARGETED_DEVICE_FAMILY = "1,2";
			};
			name = Release;
		};
		254CECA52C115B8B00706852 /* Debug */ = {
			isa = XCBuildConfiguration;
			buildSettings = {
				ALWAYS_EMBED_SWIFT_STANDARD_LIBRARIES = YES;
				BUNDLE_LOADER = "$(TEST_HOST)";
				CODE_SIGN_STYLE = Automatic;
				CURRENT_PROJECT_VERSION = 1;
				DEVELOPMENT_TEAM = UAF3986DZL;
				GENERATE_INFOPLIST_FILE = YES;
				IPHONEOS_DEPLOYMENT_TARGET = 17.0;
				MARKETING_VERSION = 1.0;
				PRODUCT_BUNDLE_IDENTIFIER = com.escalondev.MoviesAppTests;
				PRODUCT_NAME = "$(TARGET_NAME)";
				SWIFT_EMIT_LOC_STRINGS = NO;
				SWIFT_VERSION = 5.0;
				TARGETED_DEVICE_FAMILY = "1,2";
				TEST_HOST = "$(BUILT_PRODUCTS_DIR)/MoviesApp.app/$(BUNDLE_EXECUTABLE_FOLDER_PATH)/MoviesApp";
			};
			name = Debug;
		};
		254CECA62C115B8B00706852 /* Release */ = {
			isa = XCBuildConfiguration;
			buildSettings = {
				ALWAYS_EMBED_SWIFT_STANDARD_LIBRARIES = YES;
				BUNDLE_LOADER = "$(TEST_HOST)";
				CODE_SIGN_STYLE = Automatic;
				CURRENT_PROJECT_VERSION = 1;
				DEVELOPMENT_TEAM = UAF3986DZL;
				GENERATE_INFOPLIST_FILE = YES;
				IPHONEOS_DEPLOYMENT_TARGET = 17.0;
				MARKETING_VERSION = 1.0;
				PRODUCT_BUNDLE_IDENTIFIER = com.escalondev.MoviesAppTests;
				PRODUCT_NAME = "$(TARGET_NAME)";
				SWIFT_EMIT_LOC_STRINGS = NO;
				SWIFT_VERSION = 5.0;
				TARGETED_DEVICE_FAMILY = "1,2";
				TEST_HOST = "$(BUILT_PRODUCTS_DIR)/MoviesApp.app/$(BUNDLE_EXECUTABLE_FOLDER_PATH)/MoviesApp";
			};
			name = Release;
		};
		254CECA82C115B8B00706852 /* Debug */ = {
			isa = XCBuildConfiguration;
			buildSettings = {
				ALWAYS_EMBED_SWIFT_STANDARD_LIBRARIES = YES;
				CODE_SIGN_STYLE = Automatic;
				CURRENT_PROJECT_VERSION = 1;
				DEVELOPMENT_TEAM = UAF3986DZL;
				GENERATE_INFOPLIST_FILE = YES;
				MARKETING_VERSION = 1.0;
				PRODUCT_BUNDLE_IDENTIFIER = com.escalondev.MoviesAppUITests;
				PRODUCT_NAME = "$(TARGET_NAME)";
				SWIFT_EMIT_LOC_STRINGS = NO;
				SWIFT_VERSION = 5.0;
				TARGETED_DEVICE_FAMILY = "1,2";
				TEST_TARGET_NAME = MoviesApp;
			};
			name = Debug;
		};
		254CECA92C115B8B00706852 /* Release */ = {
			isa = XCBuildConfiguration;
			buildSettings = {
				ALWAYS_EMBED_SWIFT_STANDARD_LIBRARIES = YES;
				CODE_SIGN_STYLE = Automatic;
				CURRENT_PROJECT_VERSION = 1;
				DEVELOPMENT_TEAM = UAF3986DZL;
				GENERATE_INFOPLIST_FILE = YES;
				MARKETING_VERSION = 1.0;
				PRODUCT_BUNDLE_IDENTIFIER = com.escalondev.MoviesAppUITests;
				PRODUCT_NAME = "$(TARGET_NAME)";
				SWIFT_EMIT_LOC_STRINGS = NO;
				SWIFT_VERSION = 5.0;
				TARGETED_DEVICE_FAMILY = "1,2";
				TEST_TARGET_NAME = MoviesApp;
			};
			name = Release;
		};
/* End XCBuildConfiguration section */

/* Begin XCConfigurationList section */
		254CEC782C115B8900706852 /* Build configuration list for PBXProject "MoviesApp" */ = {
			isa = XCConfigurationList;
			buildConfigurations = (
				254CEC9F2C115B8B00706852 /* Debug */,
				254CECA02C115B8B00706852 /* Release */,
			);
			defaultConfigurationIsVisible = 0;
			defaultConfigurationName = Release;
		};
		254CECA12C115B8B00706852 /* Build configuration list for PBXNativeTarget "MoviesApp" */ = {
			isa = XCConfigurationList;
			buildConfigurations = (
				254CECA22C115B8B00706852 /* Debug */,
				254CECA32C115B8B00706852 /* Release */,
			);
			defaultConfigurationIsVisible = 0;
			defaultConfigurationName = Release;
		};
		254CECA42C115B8B00706852 /* Build configuration list for PBXNativeTarget "MoviesAppTests" */ = {
			isa = XCConfigurationList;
			buildConfigurations = (
				254CECA52C115B8B00706852 /* Debug */,
				254CECA62C115B8B00706852 /* Release */,
			);
			defaultConfigurationIsVisible = 0;
			defaultConfigurationName = Release;
		};
		254CECA72C115B8B00706852 /* Build configuration list for PBXNativeTarget "MoviesAppUITests" */ = {
			isa = XCConfigurationList;
			buildConfigurations = (
				254CECA82C115B8B00706852 /* Debug */,
				254CECA92C115B8B00706852 /* Release */,
			);
			defaultConfigurationIsVisible = 0;
			defaultConfigurationName = Release;
		};
/* End XCConfigurationList section */

/* Begin XCRemoteSwiftPackageReference section */
		255C40152C20D73200FB6674 /* XCRemoteSwiftPackageReference "Moya" */ = {
			isa = XCRemoteSwiftPackageReference;
			repositoryURL = "https://github.com/Moya/Moya.git";
			requirement = {
				kind = upToNextMajorVersion;
				minimumVersion = 15.0.0;
			};
		};
/* End XCRemoteSwiftPackageReference section */

/* Begin XCSwiftPackageProductDependency section */
		255C40162C20D73200FB6674 /* CombineMoya */ = {
			isa = XCSwiftPackageProductDependency;
			package = 255C40152C20D73200FB6674 /* XCRemoteSwiftPackageReference "Moya" */;
			productName = CombineMoya;
		};
		255C40182C20D73200FB6674 /* Moya */ = {
			isa = XCSwiftPackageProductDependency;
			package = 255C40152C20D73200FB6674 /* XCRemoteSwiftPackageReference "Moya" */;
			productName = Moya;
		};
/* End XCSwiftPackageProductDependency section */
	};
	rootObject = 254CEC752C115B8900706852 /* Project object */;
}
